
Microsoft Visual Studio Solution File, Format Version 12.00
# Visual Studio Version 17
VisualStudioVersion = 17.3.32922.545
MinimumVisualStudioVersion = 10.0.40219.1
Project("{FAE04EC0-301F-11D3-BF4B-00C04F79EFBC}") = "FirstAPI", "FirstAPI\FirstAPI.csproj", "{C3597C77-4CA6-4324-A78F-C05CB7A83CC0}"
EndProject
Global
	GlobalSection(SolutionConfigurationPlatforms) = preSolution
		Debug|Any CPU = Debug|Any CPU
		Release|Any CPU = Release|Any CPU
	EndGlobalSection
	GlobalSection(ProjectConfigurationPlatforms) = postSolution
		{C3597C77-4CA6-4324-A78F-C05CB7A83CC0}.Debug|Any CPU.ActiveCfg = Debug|Any CPU
		{C3597C77-4CA6-4324-A78F-C05CB7A83CC0}.Debug|Any CPU.Build.0 = Debug|Any CPU
		{C3597C77-4CA6-4324-A78F-C05CB7A83CC0}.Release|Any CPU.ActiveCfg = Release|Any CPU
		{C3597C77-4CA6-4324-A78F-C05CB7A83CC0}.Release|Any CPU.Build.0 = Release|Any CPU
	EndGlobalSection
	GlobalSection(SolutionProperties) = preSolution
		HideSolutionNode = FALSE
	EndGlobalSection
	GlobalSection(ExtensibilityGlobals) = postSolution
		SolutionGuid = {886F042E-CD7E-4FBE-84C4-C081F66ED3E9}
	EndGlobalSection
EndGlobal
